
Microsoft Visual Studio Solution File, Format Version 12.00
# Visual Studio 15
VisualStudioVersion = 15.0.27130.2020
MinimumVisualStudioVersion = 10.0.40219.1
Project("{FAE04EC0-301F-11D3-BF4B-00C04F79EFBC}") = "Topnet_v1", "Topnet_v1\Topnet_v1.csproj", "{CF52608F-67DD-452C-A61D-E846B513ECDC}"
EndProject
Global
	GlobalSection(SolutionConfigurationPlatforms) = preSolution
		Debug|Any CPU = Debug|Any CPU
		Release|Any CPU = Release|Any CPU
	EndGlobalSection
	GlobalSection(ProjectConfigurationPlatforms) = postSolution
		{CF52608F-67DD-452C-A61D-E846B513ECDC}.Debug|Any CPU.ActiveCfg = Debug|Any CPU
		{CF52608F-67DD-452C-A61D-E846B513ECDC}.Debug|Any CPU.Build.0 = Debug|Any CPU
		{CF52608F-67DD-452C-A61D-E846B513ECDC}.Release|Any CPU.ActiveCfg = Release|Any CPU
		{CF52608F-67DD-452C-A61D-E846B513ECDC}.Release|Any CPU.Build.0 = Release|Any CPU
	EndGlobalSection
	GlobalSection(SolutionProperties) = preSolution
		HideSolutionNode = FALSE
	EndGlobalSection
	GlobalSection(ExtensibilityGlobals) = postSolution
		SolutionGuid = {83F6CE7C-9CAD-4E2B-86B3-CA66CA392FA4}
	EndGlobalSection
EndGlobal
